
Microsoft Visual Studio Solution File, Format Version 10.00
# Visual Studio 2008
Project("{FAE04EC0-301F-11D3-BF4B-00C04F79EFBC}") = "log4net.GmailAppender", "log4net.GmailAppender.csproj", "{77238D59-A56E-4A2F-BCD8-D00B5494B4BD}"
EndProject
Global
	GlobalSection(SolutionConfigurationPlatforms) = preSolution
		Debug|Any CPU = Debug|Any CPU
		Release|Any CPU = Release|Any CPU
	EndGlobalSection
	GlobalSection(ProjectConfigurationPlatforms) = postSolution
		{77238D59-A56E-4A2F-BCD8-D00B5494B4BD}.Debug|Any CPU.ActiveCfg = Debug|Any CPU
		{77238D59-A56E-4A2F-BCD8-D00B5494B4BD}.Debug|Any CPU.Build.0 = Debug|Any CPU
		{77238D59-A56E-4A2F-BCD8-D00B5494B4BD}.Release|Any CPU.ActiveCfg = Release|Any CPU
		{77238D59-A56E-4A2F-BCD8-D00B5494B4BD}.Release|Any CPU.Build.0 = Release|Any CPU
	EndGlobalSection
	GlobalSection(SolutionProperties) = preSolution
		HideSolutionNode = FALSE
	EndGlobalSection
EndGlobal
